<?xml version="1.0" encoding="utf-8"?>
<Project ToolsVersion="4.0" xmlns="http://schemas.microsoft.com/developer/msbuild/2003">
  <ItemGroup>
    <Filter Include="MyGame">
      <UniqueIdentifier>{4FC737F1-C7A5-4376-A066-2A32D752A2FF}</UniqueIdentifier>
      <Extensions>cpp;c;cc;cxx;c++;cppm;ixx;def;odl;idl;hpj;bat;asm;asmx</Extensions>
    </Filter>
    <Filter Include="MyGame\Resource">
      <UniqueIdentifier>{4ba440be-28c9-4e18-be9a-db0a90f69425}</UniqueIdentifier>
    </Filter>
    <Filter Include="MyGame\Comon">
      <UniqueIdentifier>{345977be-ede8-4a89-9ea0-24cd607592cd}</UniqueIdentifier>
    </Filter>
    <Filter Include="MyGame\GameObject">
      <UniqueIdentifier>{e6f4ed5b-e71f-4e32-ab56-435b7f9be733}</UniqueIdentifier>
    </Filter>
    <Filter Include="リソースファイル">
      <UniqueIdentifier>{7bc03752-dc13-4f0d-90c9-12794f052546}</UniqueIdentifier>
    </Filter>
    <Filter Include="MyGame\System">
      <UniqueIdentifier>{23dbb54d-30a2-4319-92d5-3ddcbf359dd3}</UniqueIdentifier>
    </Filter>
    <Filter Include="MyGame\GameObject\TestObject">
      <UniqueIdentifier>{5d9c9966-4b11-43cb-b17f-fbe242609b45}</UniqueIdentifier>
    </Filter>
    <Filter Include="MyGame\Scene">
      <UniqueIdentifier>{8f48f658-9201-4f24-9ef4-aa5c02825daa}</UniqueIdentifier>
    </Filter>
    <Filter Include="MyGame\GameObject\Light">
      <UniqueIdentifier>{a4995faa-02c9-4fdb-8ac9-fc2b64c161bd}</UniqueIdentifier>
    </Filter>
    <Filter Include="MyGame\Scene\SceneManager">
      <UniqueIdentifier>{cd9b5c3e-86e9-414c-8e64-df13c952e448}</UniqueIdentifier>
    </Filter>
    <Filter Include="MyGame\Resource\Mesh">
      <UniqueIdentifier>{42a3ac3d-9cbf-4baf-918d-3afa067fdddf}</UniqueIdentifier>
    </Filter>
    <Filter Include="MyGame\GameObject\Camera">
      <UniqueIdentifier>{f152ea62-77cb-40e1-8c06-0974f3098e64}</UniqueIdentifier>
    </Filter>
    <Filter Include="MyGame\Shader">
      <UniqueIdentifier>{d22ae78c-7bc5-4671-a89f-f107dd7c980b}</UniqueIdentifier>
    </Filter>
    <Filter Include="MyGame\Debug">
      <UniqueIdentifier>{86ba9539-2ae9-4275-a023-8436bd8739ef}</UniqueIdentifier>
    </Filter>
  </ItemGroup>
  <ItemGroup>
    <ClCompile Include="src\Main.cpp">
      <Filter>MyGame</Filter>
    </ClCompile>
    <ClCompile Include="src\Define.cpp">
      <Filter>MyGame\Comon</Filter>
    </ClCompile>
    <ClCompile Include="src\Fps.cpp">
      <Filter>MyGame\Comon</Filter>
    </ClCompile>
    <ClCompile Include="src\Window.cpp">
      <Filter>MyGame\System</Filter>
    </ClCompile>
    <ClCompile Include="src\SystemMain.cpp">
      <Filter>MyGame</Filter>
    </ClCompile>
    <ClCompile Include="src\Direct3D9.cpp">
      <Filter>MyGame\System</Filter>
    </ClCompile>
    <ClCompile Include="src\GameObject.cpp">
      <Filter>MyGame\GameObject</Filter>
    </ClCompile>
    <ClCompile Include="src\TestMan.cpp">
      <Filter>MyGame\GameObject\TestObject</Filter>
    </ClCompile>
    <ClCompile Include="src\TestPlane.cpp">
      <Filter>MyGame\GameObject\TestObject</Filter>
    </ClCompile>
    <ClCompile Include="src\Game.cpp">
      <Filter>MyGame</Filter>
    </ClCompile>
    <ClCompile Include="src\Light.cpp">
      <Filter>MyGame\GameObject\Light</Filter>
    </ClCompile>
    <ClCompile Include="src\TestScene.cpp">
      <Filter>MyGame\Scene</Filter>
    </ClCompile>
    <ClCompile Include="src\SceneManager.cpp">
      <Filter>MyGame\Scene\SceneManager</Filter>
    </ClCompile>
    <ClCompile Include="src\Mesh.cpp">
      <Filter>MyGame\Resource\Mesh</Filter>
    </ClCompile>
    <ClCompile Include="src\Camera.cpp">
      <Filter>MyGame\GameObject\Camera</Filter>
    </ClCompile>
    <ClCompile Include="src\Vector3.cpp">
      <Filter>MyGame\GameObject</Filter>
    </ClCompile>
    <ClCompile Include="src\Transform.cpp">
      <Filter>MyGame\GameObject</Filter>
    </ClCompile>
    <ClCompile Include="src\DebugFont.cpp">
      <Filter>MyGame\Debug</Filter>
    </ClCompile>
  </ItemGroup>
  <ItemGroup>
    <ClInclude Include="src\Define.h">
      <Filter>MyGame\Comon</Filter>
    </ClInclude>
    <ClInclude Include="src\Fps.h">
      <Filter>MyGame\Comon</Filter>
    </ClInclude>
    <ClInclude Include="src\Macros.h">
      <Filter>MyGame\Comon</Filter>
    </ClInclude>
    <ClInclude Include="src\Window.h">
      <Filter>MyGame\System</Filter>
    </ClInclude>
    <ClInclude Include="src\SystemMain.h">
      <Filter>MyGame</Filter>
    </ClInclude>
    <ClInclude Include="src\Types.h">
      <Filter>MyGame\Comon</Filter>
    </ClInclude>
    <ClInclude Include="src\Direct3D9.h">
      <Filter>MyGame\System</Filter>
    </ClInclude>
    <ClInclude Include="src\Singleton.h">
      <Filter>MyGame\Comon</Filter>
    </ClInclude>
    <ClInclude Include="src\GameObject.h">
      <Filter>MyGame\GameObject</Filter>
    </ClInclude>
    <ClInclude Include="src\TestMan.h">
      <Filter>MyGame\GameObject\TestObject</Filter>
    </ClInclude>
    <ClInclude Include="src\TestPlane.h">
      <Filter>MyGame\GameObject\TestObject</Filter>
    </ClInclude>
    <ClInclude Include="src\Game.h">
      <Filter>MyGame</Filter>
    </ClInclude>
    <ClInclude Include="src\Light.h">
      <Filter>MyGame\GameObject\Light</Filter>
    </ClInclude>
    <ClInclude Include="src\GameObjectTag.h">
      <Filter>MyGame\GameObject</Filter>
    </ClInclude>
    <ClInclude Include="src\TestScene.h">
      <Filter>MyGame\Scene</Filter>
    </ClInclude>
    <ClInclude Include="src\SceneManager.h">
      <Filter>MyGame\Scene\SceneManager</Filter>
    </ClInclude>
    <ClInclude Include="src\SceneList.h">
      <Filter>MyGame\Scene\SceneManager</Filter>
    </ClInclude>
    <ClInclude Include="src\IOnSceneChangedListener.h">
      <Filter>MyGame\Scene\SceneManager</Filter>
    </ClInclude>
    <ClInclude Include="src\AbstractScene.h">
      <Filter>MyGame\Scene\SceneManager</Filter>
    </ClInclude>
    <ClInclude Include="src\Mesh.h">
      <Filter>MyGame\Resource\Mesh</Filter>
    </ClInclude>
    <ClInclude Include="src\MeshList.h">
      <Filter>MyGame\Resource\Mesh</Filter>
    </ClInclude>
    <ClInclude Include="src\Camera.h">
      <Filter>MyGame\GameObject\Camera</Filter>
    </ClInclude>
    <ClInclude Include="src\Vector3.h">
      <Filter>MyGame\GameObject</Filter>
    </ClInclude>
    <ClInclude Include="src\Transform.h">
      <Filter>MyGame\GameObject</Filter>
    </ClInclude>
    <ClInclude Include="src\DebugFont.h">
      <Filter>MyGame\Debug</Filter>
    </ClInclude>
  </ItemGroup>
  <ItemGroup>
    <FxCompile Include="hlsl\Shader.hlsl">
      <Filter>MyGame\Shader</Filter>
    </FxCompile>
  </ItemGroup>
</Project>